// !$*UTF8*$!
{
	archiveVersion = 1;
	classes = {
	};
	objectVersion = 50;
	objects = {

/* Begin PBXBuildFile section */
		A845BD5722C3BBB10064FC29 /* AppDelegate.swift in Sources */ = {isa = PBXBuildFile; fileRef = A845BD5622C3BBB10064FC29 /* AppDelegate.swift */; };
		A845BD5922C3BBB10064FC29 /* ViewController.swift in Sources */ = {isa = PBXBuildFile; fileRef = A845BD5822C3BBB10064FC29 /* ViewController.swift */; };
		A845BD5C22C3BBB10064FC29 /* Main.storyboard in Resources */ = {isa = PBXBuildFile; fileRef = A845BD5A22C3BBB10064FC29 /* Main.storyboard */; };
		A845BD5F22C3BBB10064FC29 /* CAGradientLayerTest.xcdatamodeld in Sources */ = {isa = PBXBuildFile; fileRef = A845BD5D22C3BBB10064FC29 /* CAGradientLayerTest.xcdatamodeld */; };
		A845BD6122C3BBB20064FC29 /* Assets.xcassets in Resources */ = {isa = PBXBuildFile; fileRef = A845BD6022C3BBB20064FC29 /* Assets.xcassets */; };
		A845BD6422C3BBB20064FC29 /* LaunchScreen.storyboard in Resources */ = {isa = PBXBuildFile; fileRef = A845BD6222C3BBB20064FC29 /* LaunchScreen.storyboard */; };
/* End PBXBuildFile section */

/* Begin PBXFileReference section */
		A845BD5322C3BBB10064FC29 /* CAGradientLayerTest.app */ = {isa = PBXFileReference; explicitFileType = wrapper.application; includeInIndex = 0; path = CAGradientLayerTest.app; sourceTree = BUILT_PRODUCTS_DIR; };
		A845BD5622C3BBB10064FC29 /* AppDelegate.swift */ = {isa = PBXFileReference; lastKnownFileType = sourcecode.swift; path = AppDelegate.swift; sourceTree = "<group>"; };
		A845BD5822C3BBB10064FC29 /* ViewController.swift */ = {isa = PBXFileReference; lastKnownFileType = sourcecode.swift; path = ViewController.swift; sourceTree = "<group>"; };
		A845BD5B22C3BBB10064FC29 /* Base */ = {isa = PBXFileReference; lastKnownFileType = file.storyboard; name = Base; path = Base.lproj/Main.storyboard; sourceTree = "<group>"; };
		A845BD5E22C3BBB10064FC29 /* CAGradientLayerTest.xcdatamodel */ = {isa = PBXFileReference; lastKnownFileType = wrapper.xcdatamodel; path = CAGradientLayerTest.xcdatamodel; sourceTree = "<group>"; };
		A845BD6022C3BBB20064FC29 /* Assets.xcassets */ = {isa = PBXFileReference; lastKnownFileType = folder.assetcatalog; path = Assets.xcassets; sourceTree = "<group>"; };
		A845BD6322C3BBB20064FC29 /* Base */ = {isa = PBXFileReference; lastKnownFileType = file.storyboard; name = Base; path = Base.lproj/LaunchScreen.storyboard; sourceTree = "<group>"; };
		A845BD6522C3BBB20064FC29 /* Info.plist */ = {isa = PBXFileReference; lastKnownFileType = text.plist.xml; path = Info.plist; sourceTree = "<group>"; };
/* End PBXFileReference section */

/* Begin PBXFrameworksBuildPhase section */
		A845BD5022C3BBB10064FC29 /* Frameworks */ = {
			isa = PBXFrameworksBuildPhase;
			buildActionMask = 2147483647;
			files = (
			);
			runOnlyForDeploymentPostprocessing = 0;
		};
/* End PBXFrameworksBuildPhase section */

/* Begin PBXGroup section */
		A845BD4A22C3BBB10064FC29 = {
			isa = PBXGroup;
			children = (
				A845BD5522C3BBB10064FC29 /* CAGradientLayerTest */,
				A845BD5422C3BBB10064FC29 /* Products */,
			);
			sourceTree = "<group>";
		};
		A845BD5422C3BBB10064FC29 /* Products */ = {
			isa = PBXGroup;
			children = (
				A845BD5322C3BBB10064FC29 /* CAGradientLayerTest.app */,
			);
			name = Products;
			sourceTree = "<group>";
		};
		A845BD5522C3BBB10064FC29 /* CAGradientLayerTest */ = {
			isa = PBXGroup;
			children = (
				A845BD5622C3BBB10064FC29 /* AppDelegate.swift */,
				A845BD5822C3BBB10064FC29 /* ViewController.swift */,
				A845BD5A22C3BBB10064FC29 /* Main.storyboard */,
				A845BD6022C3BBB20064FC29 /* Assets.xcassets */,
				A845BD6222C3BBB20064FC29 /* LaunchScreen.storyboard */,
				A845BD6522C3BBB20064FC29 /* Info.plist */,
				A845BD5D22C3BBB10064FC29 /* CAGradientLayerTest.xcdatamodeld */,
			);
			path = CAGradientLayerTest;
			sourceTree = "<group>";
		};
/* End PBXGroup section */

/* Begin PBXNativeTarget section */
		A845BD5222C3BBB10064FC29 /* CAGradientLayerTest */ = {
			isa = PBXNativeTarget;
			buildConfigurationList = A845BD6822C3BBB20064FC29 /* Build configuration list for PBXNativeTarget "CAGradientLayerTest" */;
			buildPhases = (
				A845BD4F22C3BBB10064FC29 /* Sources */,
				A845BD5022C3BBB10064FC29 /* Frameworks */,
				A845BD5122C3BBB10064FC29 /* Resources */,
			);
			buildRules = (
			);
			dependencies = (
			);
			name = CAGradientLayerTest;
			productName = CAGradientLayerTest;
			productReference = A845BD5322C3BBB10064FC29 /* CAGradientLayerTest.app */;
			productType = "com.apple.product-type.application";
		};
/* End PBXNativeTarget section */

/* Begin PBXProject section */
		A845BD4B22C3BBB10064FC29 /* Project object */ = {
			isa = PBXProject;
			attributes = {
				LastSwiftUpdateCheck = 1020;
				LastUpgradeCheck = 1020;
				ORGANIZATIONNAME = Joy;
				TargetAttributes = {
					A845BD5222C3BBB10064FC29 = {
						CreatedOnToolsVersion = 10.2.1;
					};
				};
			};
			buildConfigurationList = A845BD4E22C3BBB10064FC29 /* Build configuration list for PBXProject "CAGradientLayerTest" */;
			compatibilityVersion = "Xcode 9.3";
			developmentRegion = en;
			hasScannedForEncodings = 0;
			knownRegions = (
				en,
				Base,
			);
			mainGroup = A845BD4A22C3BBB10064FC29;
			productRefGroup = A845BD5422C3BBB10064FC29 /* Products */;
			projectDirPath = "";
			projectRoot = "";
			targets = (
				A845BD5222C3BBB10064FC29 /* CAGradientLayerTest */,
			);
		};
/* End PBXProject section */

/* Begin PBXResourcesBuildPhase section */
		A845BD5122C3BBB10064FC29 /* Resources */ = {
			isa = PBXResourcesBuildPhase;
			buildActionMask = 2147483647;
			files = (
				A845BD6422C3BBB20064FC29 /* LaunchScreen.storyboard in Resources */,
				A845BD6122C3BBB20064FC29 /* Assets.xcassets in Resources */,
				A845BD5C22C3BBB10064FC29 /* Main.storyboard in Resources */,
			);
			runOnlyForDeploymentPostprocessing = 0;
		};
/* End PBXResourcesBuildPhase section */

/* Begin PBXSourcesBuildPhase section */
		A845BD4F22C3BBB10064FC29 /* Sources */ = {
			isa = PBXSourcesBuildPhase;
			buildActionMask = 2147483647;
			files = (
				A845BD5922C3BBB10064FC29 /* ViewController.swift in Sources */,
				A845BD5F22C3BBB10064FC29 /* CAGradientLayerTest.xcdatamodeld in Sources */,
				A845BD5722C3BBB10064FC29 /* AppDelegate.swift in Sources */,
			);
			runOnlyForDeploymentPostprocessing = 0;
		};
/* End PBXSourcesBuildPhase section */

/* Begin PBXVariantGroup section */
		A845BD5A22C3BBB10064FC29 /* Main.storyboard */ = {
			isa = PBXVariantGroup;
			children = (
				A845BD5B22C3BBB10064FC29 /* Base */,
			);
			name = Main.storyboard;
			sourceTree = "<group>";
		};
		A845BD6222C3BBB20064FC29 /* LaunchScreen.storyboard */ = {
			isa = PBXVariantGroup;
			children = (
				A845BD6322C3BBB20064FC29 /* Base */,
			);
			name = LaunchScreen.storyboard;
			sourceTree = "<group>";
		};
/* End PBXVariantGroup section */

/* Begin XCBuildConfiguration section */
		A845BD6622C3BBB20064FC29 /* Debug */ = {
			isa = XCBuildConfiguration;
			buildSettings = {
				ALWAYS_SEARCH_USER_PATHS = NO;
				CLANG_ANALYZER_NONNULL = YES;
				CLANG_ANALYZER_NUMBER_OBJECT_CONVERSION = YES_AGGRESSIVE;
				CLANG_CXX_LANGUAGE_STANDARD = "gnu++14";
				CLANG_CXX_LIBRARY = "libc++";
				CLANG_ENABLE_MODULES = YES;
				CLANG_ENABLE_OBJC_ARC = YES;
				CLANG_ENABLE_OBJC_WEAK = YES;
				CLANG_WARN_BLOCK_CAPTURE_AUTORELEASING = YES;
				CLANG_WARN_BOOL_CONVERSION = YES;
				CLANG_WARN_COMMA = YES;
				CLANG_WARN_CONSTANT_CONVERSION = YES;
				CLANG_WARN_DEPRECATED_OBJC_IMPLEMENTATIONS = YES;
				CLANG_WARN_DIRECT_OBJC_ISA_USAGE = YES_ERROR;
				CLANG_WARN_DOCUMENTATION_COMMENTS = YES;
				CLANG_WARN_EMPTY_BODY = YES;
				CLANG_WARN_ENUM_CONVERSION = YES;
				CLANG_WARN_INFINITE_RECURSION = YES;
				CLANG_WARN_INT_CONVERSION = YES;
				CLANG_WARN_NON_LITERAL_NULL_CONVERSION = YES;
				CLANG_WARN_OBJC_IMPLICIT_RETAIN_SELF = YES;
				CLANG_WARN_OBJC_LITERAL_CONVERSION = YES;
				CLANG_WARN_OBJC_ROOT_CLASS = YES_ERROR;
				CLANG_WARN_RANGE_LOOP_ANALYSIS = YES;
				CLANG_WARN_STRICT_PROTOTYPES = YES;
				CLANG_WARN_SUSPICIOUS_MOVE = YES;
				CLANG_WARN_UNGUARDED_AVAILABILITY = YES_AGGRESSIVE;
				CLANG_WARN_UNREACHABLE_CODE = YES;
				CLANG_WARN__DUPLICATE_METHOD_MATCH = YES;
				CODE_SIGN_IDENTITY = "iPhone Developer";
				COPY_PHASE_STRIP = NO;
				DEBUG_INFORMATION_FORMAT = dwarf;
				ENABLE_STRICT_OBJC_MSGSEND = YES;
				ENABLE_TESTABILITY = YES;
				GCC_C_LANGUAGE_STANDARD = gnu11;
				GCC_DYNAMIC_NO_PIC = NO;
				GCC_NO_COMMON_BLOCKS = YES;
				GCC_OPTIMIZATION_LEVEL = 0;
				GCC_PREPROCESSOR_DEFINITIONS = (
					"DEBUG=1",
					"$(inherited)",
				);
				GCC_WARN_64_TO_32_BIT_CONVERSION = YES;
				GCC_WARN_ABOUT_RETURN_TYPE = YES_ERROR;
				GCC_WARN_UNDECLARED_SELECTOR = YES;
				GCC_WARN_UNINITIALIZED_AUTOS = YES_AGGRESSIVE;
				GCC_WARN_UNUSED_FUNCTION = YES;
				GCC_WARN_UNUSED_VARIABLE = YES;
				IPHONEOS_DEPLOYMENT_TARGET = 12.2;
				MTL_ENABLE_DEBUG_INFO = INCLUDE_SOURCE;
				MTL_FAST_MATH = YES;
				ONLY_ACTIVE_ARCH = YES;
				SDKROOT = iphoneos;
				SWIFT_ACTIVE_COMPILATION_CONDITIONS = DEBUG;
				SWIFT_OPTIMIZATION_LEVEL = "-Onone";
			};
			name = Debug;
		};
		A845BD6722C3BBB20064FC29 /* Release */ = {
			isa = XCBuildConfiguration;
			buildSettings = {
				ALWAYS_SEARCH_USER_PATHS = NO;
				CLANG_ANALYZER_NONNULL = YES;
				CLANG_ANALYZER_NUMBER_OBJECT_CONVERSION = YES_AGGRESSIVE;
				CLANG_CXX_LANGUAGE_STANDARD = "gnu++14";
				CLANG_CXX_LIBRARY = "libc++";
				CLANG_ENABLE_MODULES = YES;
				CLANG_ENABLE_OBJC_ARC = YES;
				CLANG_ENABLE_OBJC_WEAK = YES;
				CLANG_WARN_BLOCK_CAPTURE_AUTORELEASING = YES;
				CLANG_WARN_BOOL_CONVERSION = YES;
				CLANG_WARN_COMMA = YES;
				CLANG_WARN_CONSTANT_CONVERSION = YES;
				CLANG_WARN_DEPRECATED_OBJC_IMPLEMENTATIONS = YES;
				CLANG_WARN_DIRECT_OBJC_ISA_USAGE = YES_ERROR;
				CLANG_WARN_DOCUMENTATION_COMMENTS = YES;
				CLANG_WARN_EMPTY_BODY = YES;
				CLANG_WARN_ENUM_CONVERSION = YES;
				CLANG_WARN_INFINITE_RECURSION = YES;
				CLANG_WARN_INT_CONVERSION = YES;
				CLANG_WARN_NON_LITERAL_NULL_CONVERSION = YES;
				CLANG_WARN_OBJC_IMPLICIT_RETAIN_SELF = YES;
				CLANG_WARN_OBJC_LITERAL_CONVERSION = YES;
				CLANG_WARN_OBJC_ROOT_CLASS = YES_ERROR;
				CLANG_WARN_RANGE_LOOP_ANALYSIS = YES;
				CLANG_WARN_STRICT_PROTOTYPES = YES;
				CLANG_WARN_SUSPICIOUS_MOVE = YES;
				CLANG_WARN_UNGUARDED_AVAILABILITY = YES_AGGRESSIVE;
				CLANG_WARN_UNREACHABLE_CODE = YES;
				CLANG_WARN__DUPLICATE_METHOD_MATCH = YES;
				CODE_SIGN_IDENTITY = "iPhone Developer";
				COPY_PHASE_STRIP = NO;
				DEBUG_INFORMATION_FORMAT = "dwarf-with-dsym";
				ENABLE_NS_ASSERTIONS = NO;
				ENABLE_STRICT_OBJC_MSGSEND = YES;
				GCC_C_LANGUAGE_STANDARD = gnu11;
				GCC_NO_COMMON_BLOCKS = YES;
				GCC_WARN_64_TO_32_BIT_CONVERSION = YES;
				GCC_WARN_ABOUT_RETURN_TYPE = YES_ERROR;
				GCC_WARN_UNDECLARED_SELECTOR = YES;
				GCC_WARN_UNINITIALIZED_AUTOS = YES_AGGRESSIVE;
				GCC_WARN_UNUSED_FUNCTION = YES;
				GCC_WARN_UNUSED_VARIABLE = YES;
				IPHONEOS_DEPLOYMENT_TARGET = 12.2;
				MTL_ENABLE_DEBUG_INFO = NO;
				MTL_FAST_MATH = YES;
				SDKROOT = iphoneos;
				SWIFT_COMPILATION_MODE = wholemodule;
				SWIFT_OPTIMIZATION_LEVEL = "-O";
				VALIDATE_PRODUCT = YES;
			};
			name = Release;
		};
		A845BD6922C3BBB20064FC29 /* Debug */ = {
			isa = XCBuildConfiguration;
			buildSettings = {
				ASSETCATALOG_COMPILER_APPICON_NAME = AppIcon;
				CODE_SIGN_STYLE = Automatic;
				DEVELOPMENT_TEAM = PY8GD98FSY;
				INFOPLIST_FILE = CAGradientLayerTest/Info.plist;
				LD_RUNPATH_SEARCH_PATHS = (
					"$(inherited)",
					"@executable_path/Frameworks",
				);
				PRODUCT_BUNDLE_IDENTIFIER = com.jo.CAGradientLayerTest;
				PRODUCT_NAME = "$(TARGET_NAME)";
				SWIFT_VERSION = 5.0;
				TARGETED_DEVICE_FAMILY = "1,2";
			};
			name = Debug;
		};
		A845BD6A22C3BBB20064FC29 /* Release */ = {
			isa = XCBuildConfiguration;
			buildSettings = {
				ASSETCATALOG_COMPILER_APPICON_NAME = AppIcon;
				CODE_SIGN_STYLE = Automatic;
				DEVELOPMENT_TEAM = PY8GD98FSY;
				INFOPLIST_FILE = CAGradientLayerTest/Info.plist;
				LD_RUNPATH_SEARCH_PATHS = (
					"$(inherited)",
					"@executable_path/Frameworks",
				);
				PRODUCT_BUNDLE_IDENTIFIER = com.jo.CAGradientLayerTest;
				PRODUCT_NAME = "$(TARGET_NAME)";
				SWIFT_VERSION = 5.0;
				TARGETED_DEVICE_FAMILY = "1,2";
			};
			name = Release;
		};
/* End XCBuildConfiguration section */

/* Begin XCConfigurationList section */
		A845BD4E22C3BBB10064FC29 /* Build configuration list for PBXProject "CAGradientLayerTest" */ = {
			isa = XCConfigurationList;
			buildConfigurations = (
				A845BD6622C3BBB20064FC29 /* Debug */,
				A845BD6722C3BBB20064FC29 /* Release */,
			);
			defaultConfigurationIsVisible = 0;
			defaultConfigurationName = Release;
		};
		A845BD6822C3BBB20064FC29 /* Build configuration list for PBXNativeTarget "CAGradientLayerTest" */ = {
			isa = XCConfigurationList;
			buildConfigurations = (
				A845BD6922C3BBB20064FC29 /* Debug */,
				A845BD6A22C3BBB20064FC29 /* Release */,
			);
			defaultConfigurationIsVisible = 0;
			defaultConfigurationName = Release;
		};
/* End XCConfigurationList section */

/* Begin XCVersionGroup section */
		A845BD5D22C3BBB10064FC29 /* CAGradientLayerTest.xcdatamodeld */ = {
			isa = XCVersionGroup;
			children = (
				A845BD5E22C3BBB10064FC29 /* CAGradientLayerTest.xcdatamodel */,
			);
			currentVersion = A845BD5E22C3BBB10064FC29 /* CAGradientLayerTest.xcdatamodel */;
			path = CAGradientLayerTest.xcdatamodeld;
			sourceTree = "<group>";
			versionGroupType = wrapper.xcdatamodel;
		};
/* End XCVersionGroup section */
	};
	rootObject = A845BD4B22C3BBB10064FC29 /* Project object */;
}
